
Microsoft Visual Studio Solution File, Format Version 12.00
# Visual Studio Version 16
VisualStudioVersion = 16.0.37327.17
MinimumVisualStudioVersion = 10.0.40219.1
Project("{FAE04EC0-301F-11D3-BF4B-00C04F79EFBC}") = "SistemaFerramentas", "SistemaFerramentas.csproj", "{A5034F31-1875-48CA-A740-A0EC6B299C66}"
EndProject
Project("{FAE04EC0-301F-11D3-BF4B-00C04F79EFBC}") = "Updater", "Updater\Updater.csproj", "{D525E686-91B9-4C06-BB89-C8600477C79F}"
EndProject
Global
	GlobalSection(SolutionConfigurationPlatforms) = preSolution
		Debug|Any CPU = Debug|Any CPU
		Release|Any CPU = Release|Any CPU
	EndGlobalSection
	GlobalSection(ProjectConfigurationPlatforms) = postSolution
		{A5034F31-1875-48CA-A740-A0EC6B299C66}.Debug|Any CPU.ActiveCfg = Debug|Any CPU
		{A5034F31-1875-48CA-A740-A0EC6B299C66}.Debug|Any CPU.Build.0 = Debug|Any CPU
		{A5034F31-1875-48CA-A740-A0EC6B299C66}.Release|Any CPU.ActiveCfg = Release|Any CPU
		{A5034F31-1875-48CA-A740-A0EC6B299C66}.Release|Any CPU.Build.0 = Release|Any CPU
		{D525E686-91B9-4C06-BB89-C8600477C79F}.Debug|Any CPU.ActiveCfg = Debug|Any CPU
		{D525E686-91B9-4C06-BB89-C8600477C79F}.Debug|Any CPU.Build.0 = Debug|Any CPU
		{D525E686-91B9-4C06-BB89-C8600477C79F}.Release|Any CPU.ActiveCfg = Release|Any CPU
		{D525E686-91B9-4C06-BB89-C8600477C79F}.Release|Any CPU.Build.0 = Release|Any CPU
	EndGlobalSection
	GlobalSection(SolutionProperties) = preSolution
		HideSolutionNode = FALSE
	EndGlobalSection
	GlobalSection(ExtensibilityGlobals) = postSolution
		SolutionGuid = {D82F23CA-9180-4B24-9D03-F719F4D4B8A7}
	EndGlobalSection
EndGlobal
